lockfileVersion: '9.0'

settings:
  autoInstallPeers: true
  excludeLinksFromLockfile: false

importers:

  .:
    dependencies:
      '@metamask/snaps-sdk':
        specifier: ^6.3.0
        version: 6.3.0(webextension-polyfill@0.12.0)
    devDependencies:
      typescript:
        specifier: ^5.5.4
        version: 5.5.4

packages:

  '@ethereumjs/common@3.2.0':
    resolution: {integrity: sha512-pksvzI0VyLgmuEF2FA/JR/4/y6hcPq8OUail3/AvycBaW1d5VSauOZzqGvJ3RTmR4MU35lWE8KseKOsEhrFRBA==}

  '@ethereumjs/rlp@4.0.1':
    resolution: {integrity: sha512-tqsQiBQDQdmPWE1xkkBq4rlSW5QZpLOUJ5RJh2/9fug+q9tnUhuZoVLk7s0scUIKTOzEtR72DFBXI4WiZcMpvw==}
    engines: {node: '>=14'}
    hasBin: true

  '@ethereumjs/tx@4.2.0':
    resolution: {integrity: sha512-1nc6VO4jtFd172BbSnTnDQVr9IYBFl1y4xPzZdtkrkKIncBCkdbgfdRV+MiTkJYAtTxvV12GRZLqBFT1PNK6Yw==}
    engines: {node: '>=14'}

  '@ethereumjs/util@8.1.0':
    resolution: {integrity: sha512-zQ0IqbdX8FZ9aw11vP+dZkKDkS+kgIvQPHnSAXzP9pLu+Rfu3D3XEeLbicvoXJTYnhZiPmsZUxgdzXwNKxRPbA==}
    engines: {node: '>=14'}

  '@metamask/json-rpc-engine@9.0.2':
    resolution: {integrity: sha512-wteoGUDhiqCgyO6Gdjnm6n+7raoRS+dRHOIsTc7LK2zpezAynav9BIK7QWPcJZeieMTSG5HuYrQf+epLbcdB/g==}
    engines: {node: ^18.18 || >=20}

  '@metamask/json-rpc-middleware-stream@8.0.2':
    resolution: {integrity: sha512-8z7GAUYj3EFVkxiTjaND2x9Q8iURoKhwIyzLMZChLTiJ/XKRJwvtJ9cG2KIeL3GnNsPkVH97xngRmTaYAM6yDg==}
    engines: {node: ^18.18 || >=20}

  '@metamask/key-tree@9.1.2':
    resolution: {integrity: sha512-oznbIDlIn7bQsyf/RVhuVX9TsK+QUlTDeksUjBjTPKhGkFHAgn9duBHPE8P30VcCdWlt/oYSqfJVC5WK1/OXKw==}
    engines: {node: '>=16.0.0'}

  '@metamask/object-multiplex@2.0.0':
    resolution: {integrity: sha512-+ItrieVZie3j2LfYE0QkdW3dsEMfMEp419IGx1zyeLqjRZ14iQUPRO0H6CGgfAAoC0x6k2PfCAGRwJUA9BMrqA==}
    engines: {node: ^16.20 || ^18.16 || >=20}

  '@metamask/providers@17.1.2':
    resolution: {integrity: sha512-hACtF02yaUYThvWrRtVU4JAc+ZLCZ4PJUYBw6dK9Rze50J7zCxtss2mB7H8w76iLx//b5hjgXx6y92gPVjuYWg==}
    engines: {node: ^18.18 || >=20}
    peerDependencies:
      webextension-polyfill: ^0.10.0 || ^0.11.0 || ^0.12.0

  '@metamask/rpc-errors@6.3.1':
    resolution: {integrity: sha512-ugDY7cKjF4/yH5LtBaOIKHw/AiGGSAmzptAUEiAEGr/78LwuzcXAxmzEQfSfMIfI+f9Djr8cttq1pRJJKfTuCg==}
    engines: {node: '>=16.0.0'}

  '@metamask/safe-event-emitter@3.1.1':
    resolution: {integrity: sha512-ihb3B0T/wJm1eUuArYP4lCTSEoZsClHhuWyfo/kMX3m/odpqNcPfsz5O2A3NT7dXCAgWPGDQGPqygCpgeniKMw==}
    engines: {node: '>=12.0.0'}

  '@metamask/scure-bip39@2.1.1':
    resolution: {integrity: sha512-1K8aBsAqr6+8jWhguVl06n8e+zjV9sUnys+5PLyVU4mb8LbulQ60F6cq7iQys3xX/yCwKt1+7c7j2nuTEpW+ZQ==}
    engines: {node: ^16.20 || ^18.16 || >=20}

  '@metamask/snaps-sdk@6.3.0':
    resolution: {integrity: sha512-aq8glZBYw8T0tyd9cUsj5bgs/uLxKjqEXoq8eyeJc/4yp0SVvE6mscwa/na0ONK0SZoSCisMHLvRStzoOXOz5g==}
    engines: {node: ^18.16 || >=20}

  '@metamask/superstruct@3.1.0':
    resolution: {integrity: sha512-N08M56HdOgBfRKkrgCMZvQppkZGcArEop3kixNEtVbJKm6P9Cfg0YkI6X0s1g78sNrj2fWUwvJADdZuzJgFttA==}
    engines: {node: '>=16.0.0'}

  '@metamask/utils@9.2.1':
    resolution: {integrity: sha512-/u663aUaB6+Xe75i3Mt/1cCljm41HDYIsna5oBrwGvgkY2zH7/9k9Zjd706cxoAbxN7QgLSVAReUiGnuxCuXrQ==}
    engines: {node: '>=16.0.0'}

  '@noble/curves@1.4.2':
    resolution: {integrity: sha512-TavHr8qycMChk8UwMld0ZDRvatedkzWfH8IiaeGCfymOP5i0hSCozz9vHOL0nkwk7HRMlFnAiKpS2jrUmSybcw==}

  '@noble/curves@1.6.0':
    resolution: {integrity: sha512-TlaHRXDehJuRNR9TfZDNQ45mMEd5dwUwmicsafcIX4SsNiqnCHKjE/1alYPd/lDRVhxdhUAlv8uEhMCI5zjIJQ==}
    engines: {node: ^14.21.3 || >=16}

  '@noble/hashes@1.3.3':
    resolution: {integrity: sha512-V7/fPHgl+jsVPXqqeOzT8egNj2iBIVt+ECeMMG8TdcnTikP3oaBtUVqpT/gYCR68aEBJSF+XbYUxStjbFMqIIA==}
    engines: {node: '>= 16'}

  '@noble/hashes@1.4.0':
    resolution: {integrity: sha512-V1JJ1WTRUqHHrOSh597hURcMqVKVGL/ea3kv0gSnEdsEZ0/+VyPghM1lMNGc00z7CIQorSvbKpuJkxvuHbvdbg==}
    engines: {node: '>= 16'}

  '@noble/hashes@1.5.0':
    resolution: {integrity: sha512-1j6kQFb7QRru7eKN3ZDvRcP13rugwdxZqCjbiAVZfIJwgj2A65UmT4TgARXGlXgnRkORLTDTrO19ZErt7+QXgA==}
    engines: {node: ^14.21.3 || >=16}

  '@scure/base@1.1.8':
    resolution: {integrity: sha512-6CyAclxj3Nb0XT7GHK6K4zK6k2xJm6E4Ft0Ohjt4WgegiFUHEtFb2CGzmPmGBwoIhrLsqNLYfLr04Y1GePrzZg==}

  '@scure/bip32@1.4.0':
    resolution: {integrity: sha512-sVUpc0Vq3tXCkDGYVWGIZTRfnvu8LoTDaev7vbwh0omSvVORONr960MQWdKqJDCReIEmTj3PAr73O3aoxz7OPg==}

  '@scure/bip39@1.3.0':
    resolution: {integrity: sha512-disdg7gHuTDZtY+ZdkmLpPCk7fxZSu3gBiEGuoC1XYxv9cGx3Z6cpTggCgW6odSOOIXCiDjuGejW+aJKCY/pIQ==}

  '@types/debug@4.1.12':
    resolution: {integrity: sha512-vIChWdVG3LG1SMxEvI/AK+FWJthlrqlTu7fbrlywTkkaONwk/UAGaULXRlf8vkzFBLVm0zkMdCquhL5aOjhXPQ==}

  '@types/ms@0.7.34':
    resolution: {integrity: sha512-nG96G3Wp6acyAgJqGasjODb+acrI7KltPiRxzHPXnP3NgI28bpQDRv53olbqGXbfcgF5aiiHmO3xpwEpS5Ld9g==}

  crc-32@1.2.2:
    resolution: {integrity: sha512-ROmzCKrTnOwybPcJApAA6WBWij23HVfGVNKqqrZpuyZOHqK2CwHSvpGuyt/UNNvaIjEd8X5IFGp4Mh+Ie1IHJQ==}
    engines: {node: '>=0.8'}
    hasBin: true

  debug@4.3.6:
    resolution: {integrity: sha512-O/09Bd4Z1fBrU4VzkhFqVgpPzaGbw6Sm9FEkBT1A/YBXQFGuuSxa1dN2nxgxS34JmKXqYx8CZAwEVoJFImUXIg==}
    engines: {node: '>=6.0'}
    peerDependencies:
      supports-color: '*'
    peerDependenciesMeta:
      supports-color:
        optional: true

  detect-browser@5.3.0:
    resolution: {integrity: sha512-53rsFbGdwMwlF7qvCt0ypLM5V5/Mbl0szB7GPN8y9NCcbknYOeVVXdrXEq+90IwAfrrzt6Hd+u2E2ntakICU8w==}

  ethereum-cryptography@2.2.1:
    resolution: {integrity: sha512-r/W8lkHSiTLxUxW8Rf3u4HGB0xQweG2RyETjywylKZSzLWoWAijRz8WCuOtJ6wah+avllXBqZuk29HCCvhEIRg==}

  extension-port-stream@4.2.0:
    resolution: {integrity: sha512-i5IgiPVMVrHN+Zx8PRjvFsOw8L1A3sboVwPZghDjW9Yp1BMmBDE6mCcTNu4xMXPYduBOwI3CBK7wd72LcOyD6g==}
    engines: {node: '>=12.0.0'}
    peerDependencies:
      webextension-polyfill: ^0.10.0 || ^0.11.0 || ^0.12.0

  fast-deep-equal@3.1.3:
    resolution: {integrity: sha512-f3qQ9oQy9j2AhBe/H9VC91wLmKBCCU/gDOnKNAYG5hswO7BLKj09Hc5HYNz9cGI++xlpDCIgDaitVs03ATR84Q==}

  fast-safe-stringify@2.1.1:
    resolution: {integrity: sha512-W+KJc2dmILlPplD/H4K9l9LcAHAfPtP6BY84uVLXQ6Evcz9Lcg33Y2z1IVblT6xdY54PXYVHEv+0Wpq8Io6zkA==}

  inherits@2.0.4:
    resolution: {integrity: sha512-k/vGaX4/Yla3WzyMCvTQOXYeIHvqOKtnqBduzTHpzpQZzAskKMhZ2K+EnBiSM9zGSoIFeMpXKxa4dYeZIQqewQ==}

  is-stream@2.0.1:
    resolution: {integrity: sha512-hFoiJiTl63nn+kstHGBtewWSKnQLpyb155KHheA1l39uvtO9nWIop1p3udqPcUd/xbF1VLMO4n7OI6p7RbngDg==}
    engines: {node: '>=8'}

  micro-ftch@0.3.1:
    resolution: {integrity: sha512-/0LLxhzP0tfiR5hcQebtudP56gUurs2CLkGarnCiB/OqEyUFQ6U3paQi/tgLv0hBJYt2rnr9MNpxz4fiiugstg==}

  ms@2.1.2:
    resolution: {integrity: sha512-sGkPx+VjMtmA6MX27oA4FBFELFCZZ4S4XqeGOXCv68tT+jb3vk/RyaKWP0PTKyWtmLSM0b+adUTEvbs1PEaH2w==}

  once@1.4.0:
    resolution: {integrity: sha512-lNaJgI+2Q5URQBkccEKHTQOPaXdUxnZZElQTZY0MFUAuaEqe1E+Nyvgdz/aIyNi6Z9MzO5dv1H8n58/GELp3+w==}

  pony-cause@2.1.11:
    resolution: {integrity: sha512-M7LhCsdNbNgiLYiP4WjsfLUuFmCfnjdF6jKe2R9NKl4WFN+HZPGHJZ9lnLP7f9ZnKe3U9nuWD0szirmj+migUg==}
    engines: {node: '>=12.0.0'}

  readable-stream@3.6.2:
    resolution: {integrity: sha512-9u/sniCrY3D5WdsERHzHE4G2YCXqoG5FTHUiCC4SIbr6XcLZBY05ya9EKjYek9O5xOAwjGq+1JdGBAS7Q9ScoA==}
    engines: {node: '>= 6'}

  safe-buffer@5.2.1:
    resolution: {integrity: sha512-rp3So07KcdmmKbGvgaNxQSJr7bGVSVk5S9Eq1F+ppbRo70+YeaDxkw5Dd8NPN+GD6bjnYm2VuPuCXmpuYvmCXQ==}

  semver@7.6.3:
    resolution: {integrity: sha512-oVekP1cKtI+CTDvHWYFUcMtsK/00wmAEfyqKfNdARm8u1wNVhSgaX7A8d4UuIlUI5e84iEwOhs7ZPYRmzU9U6A==}
    engines: {node: '>=10'}
    hasBin: true

  string_decoder@1.3.0:
    resolution: {integrity: sha512-hkRX8U1WjJFd8LsDJ2yQ/wWWxaopEsABU1XfkM8A+j0+85JAGppt16cr1Whg6KIbb4okU6Mql6BOj+uup/wKeA==}

  typescript@5.5.4:
    resolution: {integrity: sha512-Mtq29sKDAEYP7aljRgtPOpTvOfbwRWlS6dPRzwjdE+C0R4brX/GUyhHSecbHMFLNBLcJIPt9nl9yG5TZ1weH+Q==}
    engines: {node: '>=14.17'}
    hasBin: true

  util-deprecate@1.0.2:
    resolution: {integrity: sha512-EPD5q1uXyFxJpCrLnCc1nHnq3gOa6DZBocAIiI2TaSCA7VCJ1UJDMagCzIkXNsUYfD1daK//LTEQ8xiIbrHtcw==}

  uuid@9.0.1:
    resolution: {integrity: sha512-b+1eJOlsR9K8HJpow9Ok3fiWOWSIcIzXodvv0rQjVoOVNpWMpxf1wZNpt4y9h10odCNrqnYp1OBzRktckBe3sA==}
    hasBin: true

  webextension-polyfill@0.12.0:
    resolution: {integrity: sha512-97TBmpoWJEE+3nFBQ4VocyCdLKfw54rFaJ6EVQYLBCXqCIpLSZkwGgASpv4oPt9gdKCJ80RJlcmNzNn008Ag6Q==}

  wrappy@1.0.2:
    resolution: {integrity: sha512-l4Sp/DRseor9wL6EvV2+TuQn63dMkPjZ/sp9XkghTEbV9KlPS1xUsZ3u7/IQO4wxtcFB4bgpQPRcR3QCvezPcQ==}

snapshots:

  '@ethereumjs/common@3.2.0':
    dependencies:
      '@ethereumjs/util': 8.1.0
      crc-32: 1.2.2

  '@ethereumjs/rlp@4.0.1': {}

  '@ethereumjs/tx@4.2.0':
    dependencies:
      '@ethereumjs/common': 3.2.0
      '@ethereumjs/rlp': 4.0.1
      '@ethereumjs/util': 8.1.0
      ethereum-cryptography: 2.2.1

  '@ethereumjs/util@8.1.0':
    dependencies:
      '@ethereumjs/rlp': 4.0.1
      ethereum-cryptography: 2.2.1
      micro-ftch: 0.3.1

  '@metamask/json-rpc-engine@9.0.2':
    dependencies:
      '@metamask/rpc-errors': 6.3.1
      '@metamask/safe-event-emitter': 3.1.1
      '@metamask/utils': 9.2.1
    transitivePeerDependencies:
      - supports-color

  '@metamask/json-rpc-middleware-stream@8.0.2':
    dependencies:
      '@metamask/json-rpc-engine': 9.0.2
      '@metamask/safe-event-emitter': 3.1.1
      '@metamask/utils': 9.2.1
      readable-stream: 3.6.2
    transitivePeerDependencies:
      - supports-color

  '@metamask/key-tree@9.1.2':
    dependencies:
      '@metamask/scure-bip39': 2.1.1
      '@metamask/utils': 9.2.1
      '@noble/curves': 1.6.0
      '@noble/hashes': 1.5.0
      '@scure/base': 1.1.8
    transitivePeerDependencies:
      - supports-color

  '@metamask/object-multiplex@2.0.0':
    dependencies:
      once: 1.4.0
      readable-stream: 3.6.2

  '@metamask/providers@17.1.2(webextension-polyfill@0.12.0)':
    dependencies:
      '@metamask/json-rpc-engine': 9.0.2
      '@metamask/json-rpc-middleware-stream': 8.0.2
      '@metamask/object-multiplex': 2.0.0
      '@metamask/rpc-errors': 6.3.1
      '@metamask/safe-event-emitter': 3.1.1
      '@metamask/utils': 9.2.1
      detect-browser: 5.3.0
      extension-port-stream: 4.2.0(webextension-polyfill@0.12.0)
      fast-deep-equal: 3.1.3
      is-stream: 2.0.1
      readable-stream: 3.6.2
      webextension-polyfill: 0.12.0
    transitivePeerDependencies:
      - supports-color

  '@metamask/rpc-errors@6.3.1':
    dependencies:
      '@metamask/utils': 9.2.1
      fast-safe-stringify: 2.1.1
    transitivePeerDependencies:
      - supports-color

  '@metamask/safe-event-emitter@3.1.1': {}

  '@metamask/scure-bip39@2.1.1':
    dependencies:
      '@noble/hashes': 1.3.3
      '@scure/base': 1.1.8

  '@metamask/snaps-sdk@6.3.0(webextension-polyfill@0.12.0)':
    dependencies:
      '@metamask/key-tree': 9.1.2
      '@metamask/providers': 17.1.2(webextension-polyfill@0.12.0)
      '@metamask/rpc-errors': 6.3.1
      '@metamask/superstruct': 3.1.0
      '@metamask/utils': 9.2.1
    transitivePeerDependencies:
      - supports-color
      - webextension-polyfill

  '@metamask/superstruct@3.1.0': {}

  '@metamask/utils@9.2.1':
    dependencies:
      '@ethereumjs/tx': 4.2.0
      '@metamask/superstruct': 3.1.0
      '@noble/hashes': 1.5.0
      '@scure/base': 1.1.8
      '@types/debug': 4.1.12
      debug: 4.3.6
      pony-cause: 2.1.11
      semver: 7.6.3
      uuid: 9.0.1
    transitivePeerDependencies:
      - supports-color

  '@noble/curves@1.4.2':
    dependencies:
      '@noble/hashes': 1.4.0

  '@noble/curves@1.6.0':
    dependencies:
      '@noble/hashes': 1.5.0

  '@noble/hashes@1.3.3': {}

  '@noble/hashes@1.4.0': {}

  '@noble/hashes@1.5.0': {}

  '@scure/base@1.1.8': {}

  '@scure/bip32@1.4.0':
    dependencies:
      '@noble/curves': 1.4.2
      '@noble/hashes': 1.4.0
      '@scure/base': 1.1.8

  '@scure/bip39@1.3.0':
    dependencies:
      '@noble/hashes': 1.4.0
      '@scure/base': 1.1.8

  '@types/debug@4.1.12':
    dependencies:
      '@types/ms': 0.7.34

  '@types/ms@0.7.34': {}

  crc-32@1.2.2: {}

  debug@4.3.6:
    dependencies:
      ms: 2.1.2

  detect-browser@5.3.0: {}

  ethereum-cryptography@2.2.1:
    dependencies:
      '@noble/curves': 1.4.2
      '@noble/hashes': 1.4.0
      '@scure/bip32': 1.4.0
      '@scure/bip39': 1.3.0

  extension-port-stream@4.2.0(webextension-polyfill@0.12.0):
    dependencies:
      readable-stream: 3.6.2
      webextension-polyfill: 0.12.0

  fast-deep-equal@3.1.3: {}

  fast-safe-stringify@2.1.1: {}

  inherits@2.0.4: {}

  is-stream@2.0.1: {}

  micro-ftch@0.3.1: {}

  ms@2.1.2: {}

  once@1.4.0:
    dependencies:
      wrappy: 1.0.2

  pony-cause@2.1.11: {}

  readable-stream@3.6.2:
    dependencies:
      inherits: 2.0.4
      string_decoder: 1.3.0
      util-deprecate: 1.0.2

  safe-buffer@5.2.1: {}

  semver@7.6.3: {}

  string_decoder@1.3.0:
    dependencies:
      safe-buffer: 5.2.1

  typescript@5.5.4: {}

  util-deprecate@1.0.2: {}

  uuid@9.0.1: {}

  webextension-polyfill@0.12.0: {}

  wrappy@1.0.2: {}
